
Microsoft Visual Studio Solution File, Format Version 12.00
# Visual Studio Version 17
VisualStudioVersion = 17.0.31903.59
MinimumVisualStudioVersion = 10.0.40219.1
Project("{2150E333-8FDC-42A3-9474-1A3956D46DE8}") = "src", "src", "{827E0CD3-B72D-47B6-A68D-7590B98EB39B}"
EndProject
Project("{FAE04EC0-301F-11D3-BF4B-00C04F79EFBC}") = "Moongazing.OrionInbox", "src\Moongazing.OrionInbox\Moongazing.OrionInbox.csproj", "{4B500321-14C1-4753-A333-076063D208FC}"
EndProject
Project("{FAE04EC0-301F-11D3-BF4B-00C04F79EFBC}") = "Moongazing.OrionInbox.EntityFrameworkCore", "src\Moongazing.OrionInbox.EntityFrameworkCore\Moongazing.OrionInbox.EntityFrameworkCore.csproj", "{B39569E0-8C13-47F2-B84D-347ED656FD5F}"
EndProject
Project("{2150E333-8FDC-42A3-9474-1A3956D46DE8}") = "tests", "tests", "{0AB3BF05-4346-4AA6-1389-037BE0695223}"
EndProject
Project("{FAE04EC0-301F-11D3-BF4B-00C04F79EFBC}") = "Moongazing.OrionInbox.Tests", "tests\Moongazing.OrionInbox.Tests\Moongazing.OrionInbox.Tests.csproj", "{F3E5A791-7909-466F-89F9-A0AD1D1FE6F4}"
EndProject
Project("{FAE04EC0-301F-11D3-BF4B-00C04F79EFBC}") = "Moongazing.OrionInbox.EntityFrameworkCore.Tests", "tests\Moongazing.OrionInbox.EntityFrameworkCore.Tests\Moongazing.OrionInbox.EntityFrameworkCore.Tests.csproj", "{E3034A50-A2AE-4AE7-8BE1-D40650944937}"
EndProject
Project("{FAE04EC0-301F-11D3-BF4B-00C04F79EFBC}") = "Moongazing.OrionInbox.AotSmoke", "tests\Moongazing.OrionInbox.AotSmoke\Moongazing.OrionInbox.AotSmoke.csproj", "{728EFC20-5BD6-4042-A94F-AC914DC812BF}"
EndProject
Global
	GlobalSection(SolutionConfigurationPlatforms) = preSolution
		Debug|Any CPU = Debug|Any CPU
		Debug|x64 = Debug|x64
		Debug|x86 = Debug|x86
		Release|Any CPU = Release|Any CPU
		Release|x64 = Release|x64
		Release|x86 = Release|x86
	EndGlobalSection
	GlobalSection(ProjectConfigurationPlatforms) = postSolution
		{4B500321-14C1-4753-A333-076063D208FC}.Debug|Any CPU.ActiveCfg = Debug|Any CPU
		{4B500321-14C1-4753-A333-076063D208FC}.Debug|Any CPU.Build.0 = Debug|Any CPU
		{4B500321-14C1-4753-A333-076063D208FC}.Debug|x64.ActiveCfg = Debug|Any CPU
		{4B500321-14C1-4753-A333-076063D208FC}.Debug|x64.Build.0 = Debug|Any CPU
		{4B500321-14C1-4753-A333-076063D208FC}.Debug|x86.ActiveCfg = Debug|Any CPU
		{4B500321-14C1-4753-A333-076063D208FC}.Debug|x86.Build.0 = Debug|Any CPU
		{4B500321-14C1-4753-A333-076063D208FC}.Release|Any CPU.ActiveCfg = Release|Any CPU
		{4B500321-14C1-4753-A333-076063D208FC}.Release|Any CPU.Build.0 = Release|Any CPU
		{4B500321-14C1-4753-A333-076063D208FC}.Release|x64.ActiveCfg = Release|Any CPU
		{4B500321-14C1-4753-A333-076063D208FC}.Release|x64.Build.0 = Release|Any CPU
		{4B500321-14C1-4753-A333-076063D208FC}.Release|x86.ActiveCfg = Release|Any CPU
		{4B500321-14C1-4753-A333-076063D208FC}.Release|x86.Build.0 = Release|Any CPU
		{B39569E0-8C13-47F2-B84D-347ED656FD5F}.Debug|Any CPU.ActiveCfg = Debug|Any CPU
		{B39569E0-8C13-47F2-B84D-347ED656FD5F}.Debug|Any CPU.Build.0 = Debug|Any CPU
		{B39569E0-8C13-47F2-B84D-347ED656FD5F}.Debug|x64.ActiveCfg = Debug|Any CPU
		{B39569E0-8C13-47F2-B84D-347ED656FD5F}.Debug|x64.Build.0 = Debug|Any CPU
		{B39569E0-8C13-47F2-B84D-347ED656FD5F}.Debug|x86.ActiveCfg = Debug|Any CPU
		{B39569E0-8C13-47F2-B84D-347ED656FD5F}.Debug|x86.Build.0 = Debug|Any CPU
		{B39569E0-8C13-47F2-B84D-347ED656FD5F}.Release|Any CPU.ActiveCfg = Release|Any CPU
		{B39569E0-8C13-47F2-B84D-347ED656FD5F}.Release|Any CPU.Build.0 = Release|Any CPU
		{B39569E0-8C13-47F2-B84D-347ED656FD5F}.Release|x64.ActiveCfg = Release|Any CPU
		{B39569E0-8C13-47F2-B84D-347ED656FD5F}.Release|x64.Build.0 = Release|Any CPU
		{B39569E0-8C13-47F2-B84D-347ED656FD5F}.Release|x86.ActiveCfg = Release|Any CPU
		{B39569E0-8C13-47F2-B84D-347ED656FD5F}.Release|x86.Build.0 = Release|Any CPU
		{F3E5A791-7909-466F-89F9-A0AD1D1FE6F4}.Debug|Any CPU.ActiveCfg = Debug|Any CPU
		{F3E5A791-7909-466F-89F9-A0AD1D1FE6F4}.Debug|Any CPU.Build.0 = Debug|Any CPU
		{F3E5A791-7909-466F-89F9-A0AD1D1FE6F4}.Debug|x64.ActiveCfg = Debug|Any CPU
		{F3E5A791-7909-466F-89F9-A0AD1D1FE6F4}.Debug|x64.Build.0 = Debug|Any CPU
		{F3E5A791-7909-466F-89F9-A0AD1D1FE6F4}.Debug|x86.ActiveCfg = Debug|Any CPU
		{F3E5A791-7909-466F-89F9-A0AD1D1FE6F4}.Debug|x86.Build.0 = Debug|Any CPU
		{F3E5A791-7909-466F-89F9-A0AD1D1FE6F4}.Release|Any CPU.ActiveCfg = Release|Any CPU
		{F3E5A791-7909-466F-89F9-A0AD1D1FE6F4}.Release|Any CPU.Build.0 = Release|Any CPU
		{F3E5A791-7909-466F-89F9-A0AD1D1FE6F4}.Release|x64.ActiveCfg = Release|Any CPU
		{F3E5A791-7909-466F-89F9-A0AD1D1FE6F4}.Release|x64.Build.0 = Release|Any CPU
		{F3E5A791-7909-466F-89F9-A0AD1D1FE6F4}.Release|x86.ActiveCfg = Release|Any CPU
		{F3E5A791-7909-466F-89F9-A0AD1D1FE6F4}.Release|x86.Build.0 = Release|Any CPU
		{E3034A50-A2AE-4AE7-8BE1-D40650944937}.Debug|Any CPU.ActiveCfg = Debug|Any CPU
		{E3034A50-A2AE-4AE7-8BE1-D40650944937}.Debug|Any CPU.Build.0 = Debug|Any CPU
		{E3034A50-A2AE-4AE7-8BE1-D40650944937}.Debug|x64.ActiveCfg = Debug|Any CPU
		{E3034A50-A2AE-4AE7-8BE1-D40650944937}.Debug|x64.Build.0 = Debug|Any CPU
		{E3034A50-A2AE-4AE7-8BE1-D40650944937}.Debug|x86.ActiveCfg = Debug|Any CPU
		{E3034A50-A2AE-4AE7-8BE1-D40650944937}.Debug|x86.Build.0 = Debug|Any CPU
		{E3034A50-A2AE-4AE7-8BE1-D40650944937}.Release|Any CPU.ActiveCfg = Release|Any CPU
		{E3034A50-A2AE-4AE7-8BE1-D40650944937}.Release|Any CPU.Build.0 = Release|Any CPU
		{E3034A50-A2AE-4AE7-8BE1-D40650944937}.Release|x64.ActiveCfg = Release|Any CPU
		{E3034A50-A2AE-4AE7-8BE1-D40650944937}.Release|x64.Build.0 = Release|Any CPU
		{E3034A50-A2AE-4AE7-8BE1-D40650944937}.Release|x86.ActiveCfg = Release|Any CPU
		{E3034A50-A2AE-4AE7-8BE1-D40650944937}.Release|x86.Build.0 = Release|Any CPU
		{728EFC20-5BD6-4042-A94F-AC914DC812BF}.Debug|Any CPU.ActiveCfg = Debug|Any CPU
		{728EFC20-5BD6-4042-A94F-AC914DC812BF}.Debug|Any CPU.Build.0 = Debug|Any CPU
		{728EFC20-5BD6-4042-A94F-AC914DC812BF}.Debug|x64.ActiveCfg = Debug|Any CPU
		{728EFC20-5BD6-4042-A94F-AC914DC812BF}.Debug|x64.Build.0 = Debug|Any CPU
		{728EFC20-5BD6-4042-A94F-AC914DC812BF}.Debug|x86.ActiveCfg = Debug|Any CPU
		{728EFC20-5BD6-4042-A94F-AC914DC812BF}.Debug|x86.Build.0 = Debug|Any CPU
		{728EFC20-5BD6-4042-A94F-AC914DC812BF}.Release|Any CPU.ActiveCfg = Release|Any CPU
		{728EFC20-5BD6-4042-A94F-AC914DC812BF}.Release|Any CPU.Build.0 = Release|Any CPU
		{728EFC20-5BD6-4042-A94F-AC914DC812BF}.Release|x64.ActiveCfg = Release|Any CPU
		{728EFC20-5BD6-4042-A94F-AC914DC812BF}.Release|x64.Build.0 = Release|Any CPU
		{728EFC20-5BD6-4042-A94F-AC914DC812BF}.Release|x86.ActiveCfg = Release|Any CPU
		{728EFC20-5BD6-4042-A94F-AC914DC812BF}.Release|x86.Build.0 = Release|Any CPU
	EndGlobalSection
	GlobalSection(SolutionProperties) = preSolution
		HideSolutionNode = FALSE
	EndGlobalSection
	GlobalSection(NestedProjects) = preSolution
		{4B500321-14C1-4753-A333-076063D208FC} = {827E0CD3-B72D-47B6-A68D-7590B98EB39B}
		{B39569E0-8C13-47F2-B84D-347ED656FD5F} = {827E0CD3-B72D-47B6-A68D-7590B98EB39B}
		{F3E5A791-7909-466F-89F9-A0AD1D1FE6F4} = {0AB3BF05-4346-4AA6-1389-037BE0695223}
		{E3034A50-A2AE-4AE7-8BE1-D40650944937} = {0AB3BF05-4346-4AA6-1389-037BE0695223}
		{728EFC20-5BD6-4042-A94F-AC914DC812BF} = {0AB3BF05-4346-4AA6-1389-037BE0695223}
	EndGlobalSection
EndGlobal
